{
  "name": "hello-cdk",
  "version": "1.0.0",
  "lockfileVersion": 1,
  "requires": true,
  "dependencies": {
    "@aws-cdk/aws-iam": {
      "version": "0.8.2",
      "resolved": "https://registry.npmjs.org/@aws-cdk/aws-iam/-/aws-iam-0.8.2.tgz",
      "integrity": "sha512-tggSOY2D/wZ0tfQGkX+YyOevaOuAlM1+l/pDmoyeVu3U7qF5mHr7Pt54jLc13e4JZKm62KC6GGNKDAwF0x7ESw==",
      "requires": {
        "@aws-cdk/cdk": "^0.8.2"
      }
    },
    "@aws-cdk/aws-kms": {
      "version": "0.8.2",
      "resolved": "https://registry.npmjs.org/@aws-cdk/aws-kms/-/aws-kms-0.8.2.tgz",
      "integrity": "sha512-w9fvwBGMPdWJ86oPFo3IBTi+NmlnX3wy2UTqDvjx1w5ule6DerKHcfRQ6XC4AWHxr3RsGZXPcuORKnj/Jv4MqA==",
      "requires": {
        "@aws-cdk/aws-iam": "^0.8.2",
        "@aws-cdk/cdk": "^0.8.2"
      }
    },
    "@aws-cdk/aws-s3": {
      "version": "0.8.2",
      "resolved": "https://registry.npmjs.org/@aws-cdk/aws-s3/-/aws-s3-0.8.2.tgz",
      "integrity": "sha512-Evv01+F/ewjtafxQ+xwpyiwmSutli8NFA5dHWZ0iCL0Kd4aYsVEnuhy2Zb0nop00RB0f9ROZ5d6+GewqcBmqBQ==",
      "requires": {
        "@aws-cdk/aws-iam": "^0.8.2",
        "@aws-cdk/aws-kms": "^0.8.2",
        "@aws-cdk/aws-s3-notifications": "^0.8.2",
        "@aws-cdk/cdk": "^0.8.2"
      }
    },
    "@aws-cdk/aws-s3-notifications": {
      "version": "0.8.2",
      "resolved": "https://registry.npmjs.org/@aws-cdk/aws-s3-notifications/-/aws-s3-notifications-0.8.2.tgz",
      "integrity": "sha512-NL9uST0uORNdF3sJ+/nKHO6c2rqpbH+hIuE5ppfahrZ2B5nAnSden/HYXGwg7J6xqS3ABy2bKoUEmWB0wV4oJw==",
      "requires": {
        "@aws-cdk/cdk": "^0.8.2"
      }
    },
    "@aws-cdk/cdk": {
      "version": "0.8.2",
      "resolved": "https://registry.npmjs.org/@aws-cdk/cdk/-/cdk-0.8.2.tgz",
      "integrity": "sha512-vHZY+smRZkff4xF0f/2VI3ds4kc3YfyYsFv/9mzIXjQqZ1oqzWXBDB6L6011z7z0Fu0njnfbw1xUNxo96BUKaQ==",
      "requires": {
        "@aws-cdk/cx-api": "^0.8.2",
        "js-base64": "^2.4.5",
        "json-diff": "^0.3.1"
      },
      "dependencies": {
        "cli-color": {
          "version": "0.1.7",
          "bundled": true,
          "requires": {
            "es5-ext": "0.8.x"
          }
        },
        "difflib": {
          "version": "0.2.4",
          "bundled": true,
          "requires": {
            "heap": ">= 0.2.0"
          }
        },
        "dreamopt": {
          "version": "0.6.0",
          "bundled": true,
          "requires": {
            "wordwrap": ">=0.0.2"
          }
        },
        "es5-ext": {
          "version": "0.8.2",
          "bundled": true
        },
        "heap": {
          "version": "0.2.6",
          "bundled": true
        },
        "js-base64": {
          "version": "2.4.5",
          "bundled": true
        },
        "json-diff": {
          "version": "0.3.1",
          "bundled": true,
          "requires": {
            "cli-color": "~0.1.6",
            "difflib": "~0.2.1",
            "dreamopt": "~0.6.0"
          }
        },
        "wordwrap": {
          "version": "1.0.0",
          "bundled": true
        }
      }
    },
    "@aws-cdk/cx-api": {
      "version": "0.8.2",
      "resolved": "https://registry.npmjs.org/@aws-cdk/cx-api/-/cx-api-0.8.2.tgz",
      "integrity": "sha512-yZnhEZxC/qORdV+UxTjMyVSDg/5MvI96Iban3fVUZGo9I2cygbF0vcz7MQJ1fFO80gDJgd9DxqKkI4mKhsBO8w=="
    }
  }
}
